// !$*UTF8*$!
{
	archiveVersion = 1;
	classes = {
	};
	objectVersion = 50;
	objects = {

/* Begin PBXBuildFile section */
		4935C1D4218A195600502FF5 /* AppDelegate.swift in Sources */ = {isa = PBXBuildFile; fileRef = 4935C1D3218A195600502FF5 /* AppDelegate.swift */; };
		4935C1D6218A195600502FF5 /* ViewController.swift in Sources */ = {isa = PBXBuildFile; fileRef = 4935C1D5218A195600502FF5 /* ViewController.swift */; };
		4935C1D9218A195600502FF5 /* Main.storyboard in Resources */ = {isa = PBXBuildFile; fileRef = 4935C1D7218A195600502FF5 /* Main.storyboard */; };
		4935C1DB218A195700502FF5 /* Assets.xcassets in Resources */ = {isa = PBXBuildFile; fileRef = 4935C1DA218A195700502FF5 /* Assets.xcassets */; };
		4935C1DE218A195700502FF5 /* LaunchScreen.storyboard in Resources */ = {isa = PBXBuildFile; fileRef = 4935C1DC218A195700502FF5 /* LaunchScreen.storyboard */; };
		4935C1E9218A195700502FF5 /* tipsterTests.swift in Sources */ = {isa = PBXBuildFile; fileRef = 4935C1E8218A195700502FF5 /* tipsterTests.swift */; };
		4935C1F4218A195700502FF5 /* tipsterUITests.swift in Sources */ = {isa = PBXBuildFile; fileRef = 4935C1F3218A195700502FF5 /* tipsterUITests.swift */; };
/* End PBXBuildFile section */

/* Begin PBXContainerItemProxy section */
		4935C1E5218A195700502FF5 /* PBXContainerItemProxy */ = {
			isa = PBXContainerItemProxy;
			containerPortal = 4935C1C8218A195600502FF5 /* Project object */;
			proxyType = 1;
			remoteGlobalIDString = 4935C1CF218A195600502FF5;
			remoteInfo = tipster;
		};
		4935C1F0218A195700502FF5 /* PBXContainerItemProxy */ = {
			isa = PBXContainerItemProxy;
			containerPortal = 4935C1C8218A195600502FF5 /* Project object */;
			proxyType = 1;
			remoteGlobalIDString = 4935C1CF218A195600502FF5;
			remoteInfo = tipster;
		};
/* End PBXContainerItemProxy section */

/* Begin PBXFileReference section */
		4935C1D0218A195600502FF5 /* tipster.app */ = {isa = PBXFileReference; explicitFileType = wrapper.application; includeInIndex = 0; path = tipster.app; sourceTree = BUILT_PRODUCTS_DIR; };
		4935C1D3218A195600502FF5 /* AppDelegate.swift */ = {isa = PBXFileReference; lastKnownFileType = sourcecode.swift; path = AppDelegate.swift; sourceTree = "<group>"; };
		4935C1D5218A195600502FF5 /* ViewController.swift */ = {isa = PBXFileReference; lastKnownFileType = sourcecode.swift; path = ViewController.swift; sourceTree = "<group>"; };
		4935C1D8218A195600502FF5 /* Base */ = {isa = PBXFileReference; lastKnownFileType = file.storyboard; name = Base; path = Base.lproj/Main.storyboard; sourceTree = "<group>"; };
		4935C1DA218A195700502FF5 /* Assets.xcassets */ = {isa = PBXFileReference; lastKnownFileType = folder.assetcatalog; path = Assets.xcassets; sourceTree = "<group>"; };
		4935C1DD218A195700502FF5 /* Base */ = {isa = PBXFileReference; lastKnownFileType = file.storyboard; name = Base; path = Base.lproj/LaunchScreen.storyboard; sourceTree = "<group>"; };
		4935C1DF218A195700502FF5 /* Info.plist */ = {isa = PBXFileReference; lastKnownFileType = text.plist.xml; path = Info.plist; sourceTree = "<group>"; };
		4935C1E4218A195700502FF5 /* tipsterTests.xctest */ = {isa = PBXFileReference; explicitFileType = wrapper.cfbundle; includeInIndex = 0; path = tipsterTests.xctest; sourceTree = BUILT_PRODUCTS_DIR; };
		4935C1E8218A195700502FF5 /* tipsterTests.swift */ = {isa = PBXFileReference; lastKnownFileType = sourcecode.swift; path = tipsterTests.swift; sourceTree = "<group>"; };
		4935C1EA218A195700502FF5 /* Info.plist */ = {isa = PBXFileReference; lastKnownFileType = text.plist.xml; path = Info.plist; sourceTree = "<group>"; };
		4935C1EF218A195700502FF5 /* tipsterUITests.xctest */ = {isa = PBXFileReference; explicitFileType = wrapper.cfbundle; includeInIndex = 0; path = tipsterUITests.xctest; sourceTree = BUILT_PRODUCTS_DIR; };
		4935C1F3218A195700502FF5 /* tipsterUITests.swift */ = {isa = PBXFileReference; lastKnownFileType = sourcecode.swift; path = tipsterUITests.swift; sourceTree = "<group>"; };
		4935C1F5218A195700502FF5 /* Info.plist */ = {isa = PBXFileReference; lastKnownFileType = text.plist.xml; path = Info.plist; sourceTree = "<group>"; };
/* End PBXFileReference section */

/* Begin PBXFrameworksBuildPhase section */
		4935C1CD218A195600502FF5 /* Frameworks */ = {
			isa = PBXFrameworksBuildPhase;
			buildActionMask = 2147483647;
			files = (
			);
			runOnlyForDeploymentPostprocessing = 0;
		};
		4935C1E1218A195700502FF5 /* Frameworks */ = {
			isa = PBXFrameworksBuildPhase;
			buildActionMask = 2147483647;
			files = (
			);
			runOnlyForDeploymentPostprocessing = 0;
		};
		4935C1EC218A195700502FF5 /* Frameworks */ = {
			isa = PBXFrameworksBuildPhase;
			buildActionMask = 2147483647;
			files = (
			);
			runOnlyForDeploymentPostprocessing = 0;
		};
/* End PBXFrameworksBuildPhase section */

/* Begin PBXGroup section */
		4935C1C7218A195600502FF5 = {
			isa = PBXGroup;
			children = (
				4935C1D2218A195600502FF5 /* tipster */,
				4935C1E7218A195700502FF5 /* tipsterTests */,
				4935C1F2218A195700502FF5 /* tipsterUITests */,
				4935C1D1218A195600502FF5 /* Products */,
			);
			sourceTree = "<group>";
		};
		4935C1D1218A195600502FF5 /* Products */ = {
			isa = PBXGroup;
			children = (
				4935C1D0218A195600502FF5 /* tipster.app */,
				4935C1E4218A195700502FF5 /* tipsterTests.xctest */,
				4935C1EF218A195700502FF5 /* tipsterUITests.xctest */,
			);
			name = Products;
			sourceTree = "<group>";
		};
		4935C1D2218A195600502FF5 /* tipster */ = {
			isa = PBXGroup;
			children = (
				4935C1D3218A195600502FF5 /* AppDelegate.swift */,
				4935C1D5218A195600502FF5 /* ViewController.swift */,
				4935C1D7218A195600502FF5 /* Main.storyboard */,
				4935C1DA218A195700502FF5 /* Assets.xcassets */,
				4935C1DC218A195700502FF5 /* LaunchScreen.storyboard */,
				4935C1DF218A195700502FF5 /* Info.plist */,
			);
			path = tipster;
			sourceTree = "<group>";
		};
		4935C1E7218A195700502FF5 /* tipsterTests */ = {
			isa = PBXGroup;
			children = (
				4935C1E8218A195700502FF5 /* tipsterTests.swift */,
				4935C1EA218A195700502FF5 /* Info.plist */,
			);
			path = tipsterTests;
			sourceTree = "<group>";
		};
		4935C1F2218A195700502FF5 /* tipsterUITests */ = {
			isa = PBXGroup;
			children = (
				4935C1F3218A195700502FF5 /* tipsterUITests.swift */,
				4935C1F5218A195700502FF5 /* Info.plist */,
			);
			path = tipsterUITests;
			sourceTree = "<group>";
		};
/* End PBXGroup section */

/* Begin PBXNativeTarget section */
		4935C1CF218A195600502FF5 /* tipster */ = {
			isa = PBXNativeTarget;
			buildConfigurationList = 4935C1F8218A195700502FF5 /* Build configuration list for PBXNativeTarget "tipster" */;
			buildPhases = (
				4935C1CC218A195600502FF5 /* Sources */,
				4935C1CD218A195600502FF5 /* Frameworks */,
				4935C1CE218A195600502FF5 /* Resources */,
			);
			buildRules = (
			);
			dependencies = (
			);
			name = tipster;
			productName = tipster;
			productReference = 4935C1D0218A195600502FF5 /* tipster.app */;
			productType = "com.apple.product-type.application";
		};
		4935C1E3218A195700502FF5 /* tipsterTests */ = {
			isa = PBXNativeTarget;
			buildConfigurationList = 4935C1FB218A195700502FF5 /* Build configuration list for PBXNativeTarget "tipsterTests" */;
			buildPhases = (
				4935C1E0218A195700502FF5 /* Sources */,
				4935C1E1218A195700502FF5 /* Frameworks */,
				4935C1E2218A195700502FF5 /* Resources */,
			);
			buildRules = (
			);
			dependencies = (
				4935C1E6218A195700502FF5 /* PBXTargetDependency */,
			);
			name = tipsterTests;
			productName = tipsterTests;
			productReference = 4935C1E4218A195700502FF5 /* tipsterTests.xctest */;
			productType = "com.apple.product-type.bundle.unit-test";
		};
		4935C1EE218A195700502FF5 /* tipsterUITests */ = {
			isa = PBXNativeTarget;
			buildConfigurationList = 4935C1FE218A195700502FF5 /* Build configuration list for PBXNativeTarget "tipsterUITests" */;
			buildPhases = (
				4935C1EB218A195700502FF5 /* Sources */,
				4935C1EC218A195700502FF5 /* Frameworks */,
				4935C1ED218A195700502FF5 /* Resources */,
			);
			buildRules = (
			);
			dependencies = (
				4935C1F1218A195700502FF5 /* PBXTargetDependency */,
			);
			name = tipsterUITests;
			productName = tipsterUITests;
			productReference = 4935C1EF218A195700502FF5 /* tipsterUITests.xctest */;
			productType = "com.apple.product-type.bundle.ui-testing";
		};
/* End PBXNativeTarget section */

/* Begin PBXProject section */
		4935C1C8218A195600502FF5 /* Project object */ = {
			isa = PBXProject;
			attributes = {
				LastSwiftUpdateCheck = 1000;
				LastUpgradeCheck = 1000;
				ORGANIZATIONNAME = "Ben Bauer";
				TargetAttributes = {
					4935C1CF218A195600502FF5 = {
						CreatedOnToolsVersion = 10.0;
					};
					4935C1E3218A195700502FF5 = {
						CreatedOnToolsVersion = 10.0;
						TestTargetID = 4935C1CF218A195600502FF5;
					};
					4935C1EE218A195700502FF5 = {
						CreatedOnToolsVersion = 10.0;
						TestTargetID = 4935C1CF218A195600502FF5;
					};
				};
			};
			buildConfigurationList = 4935C1CB218A195600502FF5 /* Build configuration list for PBXProject "tipster" */;
			compatibilityVersion = "Xcode 9.3";
			developmentRegion = en;
			hasScannedForEncodings = 0;
			knownRegions = (
				en,
				Base,
			);
			mainGroup = 4935C1C7218A195600502FF5;
			productRefGroup = 4935C1D1218A195600502FF5 /* Products */;
			projectDirPath = "";
			projectRoot = "";
			targets = (
				4935C1CF218A195600502FF5 /* tipster */,
				4935C1E3218A195700502FF5 /* tipsterTests */,
				4935C1EE218A195700502FF5 /* tipsterUITests */,
			);
		};
/* End PBXProject section */

/* Begin PBXResourcesBuildPhase section */
		4935C1CE218A195600502FF5 /* Resources */ = {
			isa = PBXResourcesBuildPhase;
			buildActionMask = 2147483647;
			files = (
				4935C1DE218A195700502FF5 /* LaunchScreen.storyboard in Resources */,
				4935C1DB218A195700502FF5 /* Assets.xcassets in Resources */,
				4935C1D9218A195600502FF5 /* Main.storyboard in Resources */,
			);
			runOnlyForDeploymentPostprocessing = 0;
		};
		4935C1E2218A195700502FF5 /* Resources */ = {
			isa = PBXResourcesBuildPhase;
			buildActionMask = 2147483647;
			files = (
			);
			runOnlyForDeploymentPostprocessing = 0;
		};
		4935C1ED218A195700502FF5 /* Resources */ = {
			isa = PBXResourcesBuildPhase;
			buildActionMask = 2147483647;
			files = (
			);
			runOnlyForDeploymentPostprocessing = 0;
		};
/* End PBXResourcesBuildPhase section */

/* Begin PBXSourcesBuildPhase section */
		4935C1CC218A195600502FF5 /* Sources */ = {
			isa = PBXSourcesBuildPhase;
			buildActionMask = 2147483647;
			files = (
				4935C1D6218A195600502FF5 /* ViewController.swift in Sources */,
				4935C1D4218A195600502FF5 /* AppDelegate.swift in Sources */,
			);
			runOnlyForDeploymentPostprocessing = 0;
		};
		4935C1E0218A195700502FF5 /* Sources */ = {
			isa = PBXSourcesBuildPhase;
			buildActionMask = 2147483647;
			files = (
				4935C1E9218A195700502FF5 /* tipsterTests.swift in Sources */,
			);
			runOnlyForDeploymentPostprocessing = 0;
		};
		4935C1EB218A195700502FF5 /* Sources */ = {
			isa = PBXSourcesBuildPhase;
			buildActionMask = 2147483647;
			files = (
				4935C1F4218A195700502FF5 /* tipsterUITests.swift in Sources */,
			);
			runOnlyForDeploymentPostprocessing = 0;
		};
/* End PBXSourcesBuildPhase section */

/* Begin PBXTargetDependency section */
		4935C1E6218A195700502FF5 /* PBXTargetDependency */ = {
			isa = PBXTargetDependency;
			target = 4935C1CF218A195600502FF5 /* tipster */;
			targetProxy = 4935C1E5218A195700502FF5 /* PBXContainerItemProxy */;
		};
		4935C1F1218A195700502FF5 /* PBXTargetDependency */ = {
			isa = PBXTargetDependency;
			target = 4935C1CF218A195600502FF5 /* tipster */;
			targetProxy = 4935C1F0218A195700502FF5 /* PBXContainerItemProxy */;
		};
/* End PBXTargetDependency section */

/* Begin PBXVariantGroup section */
		4935C1D7218A195600502FF5 /* Main.storyboard */ = {
			isa = PBXVariantGroup;
			children = (
				4935C1D8218A195600502FF5 /* Base */,
			);
			name = Main.storyboard;
			sourceTree = "<group>";
		};
		4935C1DC218A195700502FF5 /* LaunchScreen.storyboard */ = {
			isa = PBXVariantGroup;
			children = (
				4935C1DD218A195700502FF5 /* Base */,
			);
			name = LaunchScreen.storyboard;
			sourceTree = "<group>";
		};
/* End PBXVariantGroup section */

/* Begin XCBuildConfiguration section */
		4935C1F6218A195700502FF5 /* Debug */ = {
			isa = XCBuildConfiguration;
			buildSettings = {
				ALWAYS_SEARCH_USER_PATHS = NO;
				CLANG_ANALYZER_NONNULL = YES;
				CLANG_ANALYZER_NUMBER_OBJECT_CONVERSION = YES_AGGRESSIVE;
				CLANG_CXX_LANGUAGE_STANDARD = "gnu++14";
				CLANG_CXX_LIBRARY = "libc++";
				CLANG_ENABLE_MODULES = YES;
				CLANG_ENABLE_OBJC_ARC = YES;
				CLANG_ENABLE_OBJC_WEAK = YES;
				CLANG_WARN_BLOCK_CAPTURE_AUTORELEASING = YES;
				CLANG_WARN_BOOL_CONVERSION = YES;
				CLANG_WARN_COMMA = YES;
				CLANG_WARN_CONSTANT_CONVERSION = YES;
				CLANG_WARN_DEPRECATED_OBJC_IMPLEMENTATIONS = YES;
				CLANG_WARN_DIRECT_OBJC_ISA_USAGE = YES_ERROR;
				CLANG_WARN_DOCUMENTATION_COMMENTS = YES;
				CLANG_WARN_EMPTY_BODY = YES;
				CLANG_WARN_ENUM_CONVERSION = YES;
				CLANG_WARN_INFINITE_RECURSION = YES;
				CLANG_WARN_INT_CONVERSION = YES;
				CLANG_WARN_NON_LITERAL_NULL_CONVERSION = YES;
				CLANG_WARN_OBJC_IMPLICIT_RETAIN_SELF = YES;
				CLANG_WARN_OBJC_LITERAL_CONVERSION = YES;
				CLANG_WARN_OBJC_ROOT_CLASS = YES_ERROR;
				CLANG_WARN_RANGE_LOOP_ANALYSIS = YES;
				CLANG_WARN_STRICT_PROTOTYPES = YES;
				CLANG_WARN_SUSPICIOUS_MOVE = YES;
				CLANG_WARN_UNGUARDED_AVAILABILITY = YES_AGGRESSIVE;
				CLANG_WARN_UNREACHABLE_CODE = YES;
				CLANG_WARN__DUPLICATE_METHOD_MATCH = YES;
				CODE_SIGN_IDENTITY = "iPhone Developer";
				COPY_PHASE_STRIP = NO;
				DEBUG_INFORMATION_FORMAT = dwarf;
				ENABLE_STRICT_OBJC_MSGSEND = YES;
				ENABLE_TESTABILITY = YES;
				GCC_C_LANGUAGE_STANDARD = gnu11;
				GCC_DYNAMIC_NO_PIC = NO;
				GCC_NO_COMMON_BLOCKS = YES;
				GCC_OPTIMIZATION_LEVEL = 0;
				GCC_PREPROCESSOR_DEFINITIONS = (
					"DEBUG=1",
					"$(inherited)",
				);
				GCC_WARN_64_TO_32_BIT_CONVERSION = YES;
				GCC_WARN_ABOUT_RETURN_TYPE = YES_ERROR;
				GCC_WARN_UNDECLARED_SELECTOR = YES;
				GCC_WARN_UNINITIALIZED_AUTOS = YES_AGGRESSIVE;
				GCC_WARN_UNUSED_FUNCTION = YES;
				GCC_WARN_UNUSED_VARIABLE = YES;
				IPHONEOS_DEPLOYMENT_TARGET = 12.0;
				MTL_ENABLE_DEBUG_INFO = INCLUDE_SOURCE;
				MTL_FAST_MATH = YES;
				ONLY_ACTIVE_ARCH = YES;
				SDKROOT = iphoneos;
				SWIFT_ACTIVE_COMPILATION_CONDITIONS = DEBUG;
				SWIFT_OPTIMIZATION_LEVEL = "-Onone";
			};
			name = Debug;
		};
		4935C1F7218A195700502FF5 /* Release */ = {
			isa = XCBuildConfiguration;
			buildSettings = {
				ALWAYS_SEARCH_USER_PATHS = NO;
				CLANG_ANALYZER_NONNULL = YES;
				CLANG_ANALYZER_NUMBER_OBJECT_CONVERSION = YES_AGGRESSIVE;
				CLANG_CXX_LANGUAGE_STANDARD = "gnu++14";
				CLANG_CXX_LIBRARY = "libc++";
				CLANG_ENABLE_MODULES = YES;
				CLANG_ENABLE_OBJC_ARC = YES;
				CLANG_ENABLE_OBJC_WEAK = YES;
				CLANG_WARN_BLOCK_CAPTURE_AUTORELEASING = YES;
				CLANG_WARN_BOOL_CONVERSION = YES;
				CLANG_WARN_COMMA = YES;
				CLANG_WARN_CONSTANT_CONVERSION = YES;
				CLANG_WARN_DEPRECATED_OBJC_IMPLEMENTATIONS = YES;
				CLANG_WARN_DIRECT_OBJC_ISA_USAGE = YES_ERROR;
				CLANG_WARN_DOCUMENTATION_COMMENTS = YES;
				CLANG_WARN_EMPTY_BODY = YES;
				CLANG_WARN_ENUM_CONVERSION = YES;
				CLANG_WARN_INFINITE_RECURSION = YES;
				CLANG_WARN_INT_CONVERSION = YES;
				CLANG_WARN_NON_LITERAL_NULL_CONVERSION = YES;
				CLANG_WARN_OBJC_IMPLICIT_RETAIN_SELF = YES;
				CLANG_WARN_OBJC_LITERAL_CONVERSION = YES;
				CLANG_WARN_OBJC_ROOT_CLASS = YES_ERROR;
				CLANG_WARN_RANGE_LOOP_ANALYSIS = YES;
				CLANG_WARN_STRICT_PROTOTYPES = YES;
				CLANG_WARN_SUSPICIOUS_MOVE = YES;
				CLANG_WARN_UNGUARDED_AVAILABILITY = YES_AGGRESSIVE;
				CLANG_WARN_UNREACHABLE_CODE = YES;
				CLANG_WARN__DUPLICATE_METHOD_MATCH = YES;
				CODE_SIGN_IDENTITY = "iPhone Developer";
				COPY_PHASE_STRIP = NO;
				DEBUG_INFORMATION_FORMAT = "dwarf-with-dsym";
				ENABLE_NS_ASSERTIONS = NO;
				ENABLE_STRICT_OBJC_MSGSEND = YES;
				GCC_C_LANGUAGE_STANDARD = gnu11;
				GCC_NO_COMMON_BLOCKS = YES;
				GCC_WARN_64_TO_32_BIT_CONVERSION = YES;
				GCC_WARN_ABOUT_RETURN_TYPE = YES_ERROR;
				GCC_WARN_UNDECLARED_SELECTOR = YES;
				GCC_WARN_UNINITIALIZED_AUTOS = YES_AGGRESSIVE;
				GCC_WARN_UNUSED_FUNCTION = YES;
				GCC_WARN_UNUSED_VARIABLE = YES;
				IPHONEOS_DEPLOYMENT_TARGET = 12.0;
				MTL_ENABLE_DEBUG_INFO = NO;
				MTL_FAST_MATH = YES;
				SDKROOT = iphoneos;
				SWIFT_COMPILATION_MODE = wholemodule;
				SWIFT_OPTIMIZATION_LEVEL = "-O";
				VALIDATE_PRODUCT = YES;
			};
			name = Release;
		};
		4935C1F9218A195700502FF5 /* Debug */ = {
			isa = XCBuildConfiguration;
			buildSettings = {
				ASSETCATALOG_COMPILER_APPICON_NAME = AppIcon;
				CODE_SIGN_STYLE = Automatic;
				INFOPLIST_FILE = tipster/Info.plist;
				LD_RUNPATH_SEARCH_PATHS = (
					"$(inherited)",
					"@executable_path/Frameworks",
				);
				PRODUCT_BUNDLE_IDENTIFIER = dojo.tipster;
				PRODUCT_NAME = "$(TARGET_NAME)";
				SWIFT_VERSION = 4.2;
				TARGETED_DEVICE_FAMILY = "1,2";
			};
			name = Debug;
		};
		4935C1FA218A195700502FF5 /* Release */ = {
			isa = XCBuildConfiguration;
			buildSettings = {
				ASSETCATALOG_COMPILER_APPICON_NAME = AppIcon;
				CODE_SIGN_STYLE = Automatic;
				INFOPLIST_FILE = tipster/Info.plist;
				LD_RUNPATH_SEARCH_PATHS = (
					"$(inherited)",
					"@executable_path/Frameworks",
				);
				PRODUCT_BUNDLE_IDENTIFIER = dojo.tipster;
				PRODUCT_NAME = "$(TARGET_NAME)";
				SWIFT_VERSION = 4.2;
				TARGETED_DEVICE_FAMILY = "1,2";
			};
			name = Release;
		};
		4935C1FC218A195700502FF5 /* Debug */ = {
			isa = XCBuildConfiguration;
			buildSettings = {
				ALWAYS_EMBED_SWIFT_STANDARD_LIBRARIES = YES;
				BUNDLE_LOADER = "$(TEST_HOST)";
				CODE_SIGN_STYLE = Automatic;
				INFOPLIST_FILE = tipsterTests/Info.plist;
				LD_RUNPATH_SEARCH_PATHS = (
					"$(inherited)",
					"@executable_path/Frameworks",
					"@loader_path/Frameworks",
				);
				PRODUCT_BUNDLE_IDENTIFIER = dojo.tipsterTests;
				PRODUCT_NAME = "$(TARGET_NAME)";
				SWIFT_VERSION = 4.2;
				TARGETED_DEVICE_FAMILY = "1,2";
				TEST_HOST = "$(BUILT_PRODUCTS_DIR)/tipster.app/tipster";
			};
			name = Debug;
		};
		4935C1FD218A195700502FF5 /* Release */ = {
			isa = XCBuildConfiguration;
			buildSettings = {
				ALWAYS_EMBED_SWIFT_STANDARD_LIBRARIES = YES;
				BUNDLE_LOADER = "$(TEST_HOST)";
				CODE_SIGN_STYLE = Automatic;
				INFOPLIST_FILE = tipsterTests/Info.plist;
				LD_RUNPATH_SEARCH_PATHS = (
					"$(inherited)",
					"@executable_path/Frameworks",
					"@loader_path/Frameworks",
				);
				PRODUCT_BUNDLE_IDENTIFIER = dojo.tipsterTests;
				PRODUCT_NAME = "$(TARGET_NAME)";
				SWIFT_VERSION = 4.2;
				TARGETED_DEVICE_FAMILY = "1,2";
				TEST_HOST = "$(BUILT_PRODUCTS_DIR)/tipster.app/tipster";
			};
			name = Release;
		};
		4935C1FF218A195700502FF5 /* Debug */ = {
			isa = XCBuildConfiguration;
			buildSettings = {
				ALWAYS_EMBED_SWIFT_STANDARD_LIBRARIES = YES;
				CODE_SIGN_STYLE = Automatic;
				INFOPLIST_FILE = tipsterUITests/Info.plist;
				LD_RUNPATH_SEARCH_PATHS = (
					"$(inherited)",
					"@executable_path/Frameworks",
					"@loader_path/Frameworks",
				);
				PRODUCT_BUNDLE_IDENTIFIER = dojo.tipsterUITests;
				PRODUCT_NAME = "$(TARGET_NAME)";
				SWIFT_VERSION = 4.2;
				TARGETED_DEVICE_FAMILY = "1,2";
				TEST_TARGET_NAME = tipster;
			};
			name = Debug;
		};
		4935C200218A195700502FF5 /* Release */ = {
			isa = XCBuildConfiguration;
			buildSettings = {
				ALWAYS_EMBED_SWIFT_STANDARD_LIBRARIES = YES;
				CODE_SIGN_STYLE = Automatic;
				INFOPLIST_FILE = tipsterUITests/Info.plist;
				LD_RUNPATH_SEARCH_PATHS = (
					"$(inherited)",
					"@executable_path/Frameworks",
					"@loader_path/Frameworks",
				);
				PRODUCT_BUNDLE_IDENTIFIER = dojo.tipsterUITests;
				PRODUCT_NAME = "$(TARGET_NAME)";
				SWIFT_VERSION = 4.2;
				TARGETED_DEVICE_FAMILY = "1,2";
				TEST_TARGET_NAME = tipster;
			};
			name = Release;
		};
/* End XCBuildConfiguration section */

/* Begin XCConfigurationList section */
		4935C1CB218A195600502FF5 /* Build configuration list for PBXProject "tipster" */ = {
			isa = XCConfigurationList;
			buildConfigurations = (
				4935C1F6218A195700502FF5 /* Debug */,
				4935C1F7218A195700502FF5 /* Release */,
			);
			defaultConfigurationIsVisible = 0;
			defaultConfigurationName = Release;
		};
		4935C1F8218A195700502FF5 /* Build configuration list for PBXNativeTarget "tipster" */ = {
			isa = XCConfigurationList;
			buildConfigurations = (
				4935C1F9218A195700502FF5 /* Debug */,
				4935C1FA218A195700502FF5 /* Release */,
			);
			defaultConfigurationIsVisible = 0;
			defaultConfigurationName = Release;
		};
		4935C1FB218A195700502FF5 /* Build configuration list for PBXNativeTarget "tipsterTests" */ = {
			isa = XCConfigurationList;
			buildConfigurations = (
				4935C1FC218A195700502FF5 /* Debug */,
				4935C1FD218A195700502FF5 /* Release */,
			);
			defaultConfigurationIsVisible = 0;
			defaultConfigurationName = Release;
		};
		4935C1FE218A195700502FF5 /* Build configuration list for PBXNativeTarget "tipsterUITests" */ = {
			isa = XCConfigurationList;
			buildConfigurations = (
				4935C1FF218A195700502FF5 /* Debug */,
				4935C200218A195700502FF5 /* Release */,
			);
			defaultConfigurationIsVisible = 0;
			defaultConfigurationName = Release;
		};
/* End XCConfigurationList section */
	};
	rootObject = 4935C1C8218A195600502FF5 /* Project object */;
}
